
Microsoft Visual Studio Solution File, Format Version 11.00
# Visual Studio 2010
Project("{FAE04EC0-301F-11D3-BF4B-00C04F79EFBC}") = "Unity.Timeline", "Unity.Timeline.csproj", "{9d72fdce-f2c9-e7d6-61c7-e54c2adfbdf2}"
EndProject
Project("{FAE04EC0-301F-11D3-BF4B-00C04F79EFBC}") = "Unity.VisualScripting.Flow", "Unity.VisualScripting.Flow.csproj", "{afd86471-ffe1-6159-c943-5047903341c9}"
EndProject
Project("{FAE04EC0-301F-11D3-BF4B-00C04F79EFBC}") = "Unity.Timeline.Editor", "Unity.Timeline.Editor.csproj", "{263010cc-ac49-f748-9187-d1ddd1e4a2f6}"
EndProject
Project("{FAE04EC0-301F-11D3-BF4B-00C04F79EFBC}") = "Unity.PlasticSCM.Editor", "Unity.PlasticSCM.Editor.csproj", "{d72d9e11-edb5-9307-f5c7-c30cd916996d}"
EndProject
Project("{FAE04EC0-301F-11D3-BF4B-00C04F79EFBC}") = "Unity.Mathematics", "Unity.Mathematics.csproj", "{d341ec14-245f-db87-8b6c-207194ce8ac4}"
EndProject
Project("{FAE04EC0-301F-11D3-BF4B-00C04F79EFBC}") = "UnityEditor.TestRunner", "UnityEditor.TestRunner.csproj", "{05df161f-a27c-7cdb-1aba-16d83a562072}"
EndProject
Project("{FAE04EC0-301F-11D3-BF4B-00C04F79EFBC}") = "Unity.VisualScripting.Core.Editor", "Unity.VisualScripting.Core.Editor.csproj", "{445296b3-185f-1123-21ab-955916c8cc93}"
EndProject
Project("{FAE04EC0-301F-11D3-BF4B-00C04F79EFBC}") = "UnityEngine.TestRunner", "UnityEngine.TestRunner.csproj", "{922e14bc-4c92-9eda-a105-a08cb9154535}"
EndProject
Project("{FAE04EC0-301F-11D3-BF4B-00C04F79EFBC}") = "Unity.VisualScripting.Core", "Unity.VisualScripting.Core.csproj", "{30979730-8820-d2a5-3b64-f5d4d67eb3f3}"
EndProject
Project("{FAE04EC0-301F-11D3-BF4B-00C04F79EFBC}") = "Unity.Searcher.Editor", "Unity.Searcher.Editor.csproj", "{ac2ed59d-d846-30a1-7208-8a93432a2fff}"
EndProject
Project("{FAE04EC0-301F-11D3-BF4B-00C04F79EFBC}") = "Unity.Burst", "Unity.Burst.csproj", "{aac1f121-508b-135e-3f2d-ff591a68460c}"
EndProject
Project("{FAE04EC0-301F-11D3-BF4B-00C04F79EFBC}") = "Unity.VisualScripting.Flow.Editor", "Unity.VisualScripting.Flow.Editor.csproj", "{5a2e5e78-4034-01e6-c10b-2ac2bca22dec}"
EndProject
Project("{FAE04EC0-301F-11D3-BF4B-00C04F79EFBC}") = "Unity.AI.Navigation.Editor", "Unity.AI.Navigation.Editor.csproj", "{6ec733cf-a6a9-89e8-a5c0-fb89c81a4524}"
EndProject
Project("{FAE04EC0-301F-11D3-BF4B-00C04F79EFBC}") = "Unity.Collections", "Unity.Collections.csproj", "{661b1dac-bd86-a460-1083-8e83884d434a}"
EndProject
Project("{FAE04EC0-301F-11D3-BF4B-00C04F79EFBC}") = "Unity.VisualStudio.Editor", "Unity.VisualStudio.Editor.csproj", "{1b195ef6-3863-659a-5500-f13f4fc3414e}"
EndProject
Project("{FAE04EC0-301F-11D3-BF4B-00C04F79EFBC}") = "Unity.Rider.Editor", "Unity.Rider.Editor.csproj", "{7899ee16-6601-ae78-8cd4-2ab831557267}"
EndProject
Project("{FAE04EC0-301F-11D3-BF4B-00C04F79EFBC}") = "Unity.AI.Navigation.Editor.ConversionSystem", "Unity.AI.Navigation.Editor.ConversionSystem.csproj", "{eeaf180c-b6d5-8f08-47bf-d0bebcffd59b}"
EndProject
Project("{FAE04EC0-301F-11D3-BF4B-00C04F79EFBC}") = "Unity.VisualScripting.State.Editor", "Unity.VisualScripting.State.Editor.csproj", "{c19bab4d-4955-e0ca-24a0-794a2c38c712}"
EndProject
Project("{FAE04EC0-301F-11D3-BF4B-00C04F79EFBC}") = "Unity.Burst.CodeGen", "Unity.Burst.CodeGen.csproj", "{1de3d38c-8856-9220-9ed3-27604f8fc659}"
EndProject
Project("{FAE04EC0-301F-11D3-BF4B-00C04F79EFBC}") = "Unity.AI.Navigation", "Unity.AI.Navigation.csproj", "{a4fa055a-ee34-65cb-1b1d-88ef5d47fdd5}"
EndProject
Project("{FAE04EC0-301F-11D3-BF4B-00C04F79EFBC}") = "Unity.VisualScripting.State", "Unity.VisualScripting.State.csproj", "{a2f3bfdf-005c-ba0c-926a-18eaeb246db9}"
EndProject
Project("{FAE04EC0-301F-11D3-BF4B-00C04F79EFBC}") = "Unity.VisualScripting.SettingsProvider.Editor", "Unity.VisualScripting.SettingsProvider.Editor.csproj", "{222965d3-7498-51c0-3c26-c9fb1230ca64}"
EndProject
Project("{FAE04EC0-301F-11D3-BF4B-00C04F79EFBC}") = "Unity.Burst.Editor", "Unity.Burst.Editor.csproj", "{d70db077-7966-8842-cb8b-8ef07f15eb9f}"
EndProject
Project("{FAE04EC0-301F-11D3-BF4B-00C04F79EFBC}") = "Unity.AI.Navigation.Updater", "Unity.AI.Navigation.Updater.csproj", "{dff0ab1b-75d9-31b3-1e9e-358830b1ca11}"
EndProject
Project("{FAE04EC0-301F-11D3-BF4B-00C04F79EFBC}") = "Unity.Collections.CodeGen", "Unity.Collections.CodeGen.csproj", "{1afeb5bd-e572-c8f9-dc7c-bd7d2ddd2875}"
EndProject
Project("{FAE04EC0-301F-11D3-BF4B-00C04F79EFBC}") = "Unity.Mathematics.Editor", "Unity.Mathematics.Editor.csproj", "{017506f9-88e5-b9ec-7512-b292f9da70e4}"
EndProject
Project("{FAE04EC0-301F-11D3-BF4B-00C04F79EFBC}") = "Unity.VisualScripting.Shared.Editor", "Unity.VisualScripting.Shared.Editor.csproj", "{1c4a74e4-1535-9db1-cfd0-9b0d7eaf5dd8}"
EndProject
Project("{FAE04EC0-301F-11D3-BF4B-00C04F79EFBC}") = "Unity.Collections.DocCodeSamples", "Unity.Collections.DocCodeSamples.csproj", "{9891a0db-f683-9b81-8ef7-45c036259b7f}"
EndProject
Project("{FAE04EC0-301F-11D3-BF4B-00C04F79EFBC}") = "Unity.Collections.Editor", "Unity.Collections.Editor.csproj", "{e3df20e4-bbbb-2ac7-4ce2-a66f2bc1365d}"
EndProject
Project("{FAE04EC0-301F-11D3-BF4B-00C04F79EFBC}") = "Unity.Collections.BurstCompatibilityGen", "Unity.Collections.BurstCompatibilityGen.csproj", "{b5a558ad-b4f8-bb95-8242-20fb5ee8de32}"
EndProject
Project("{FAE04EC0-301F-11D3-BF4B-00C04F79EFBC}") = "Unity.CollabProxy.Editor", "Unity.CollabProxy.Editor.csproj", "{90713e30-b09a-b4e5-ff13-9194c98cbeaa}"
EndProject
Project("{FAE04EC0-301F-11D3-BF4B-00C04F79EFBC}") = "Assembly-CSharp-Editor", "Assembly-CSharp-Editor.csproj", "{b0c89577-6774-52d3-d438-287673310aa8}"
EndProject
Project("{FAE04EC0-301F-11D3-BF4B-00C04F79EFBC}") = "Assembly-CSharp", "Assembly-CSharp.csproj", "{25cca260-2d8a-75ab-78a9-b2124ceeb161}"
EndProject
Project("{FAE04EC0-301F-11D3-BF4B-00C04F79EFBC}") = "Unity.Mathematics.Tests", "Unity.Mathematics.Tests.csproj", "{0f4a19fc-5330-498b-8166-5f6a7c45b01c}"
EndProject
Project("{FAE04EC0-301F-11D3-BF4B-00C04F79EFBC}") = "Unity.Burst.Tests.UnitTests", "Unity.Burst.Tests.UnitTests.csproj", "{a15a6576-90b1-5aa7-a531-fbc987f45673}"
EndProject
Project("{FAE04EC0-301F-11D3-BF4B-00C04F79EFBC}") = "Unity.Searcher.EditorTests", "Unity.Searcher.EditorTests.csproj", "{888e3651-ba1e-e081-07b5-abca6c6f61f5}"
EndProject
Project("{FAE04EC0-301F-11D3-BF4B-00C04F79EFBC}") = "Unity.Burst.Editor.Tests", "Unity.Burst.Editor.Tests.csproj", "{5c6435ee-48d3-794c-1fd4-81f2814d4e66}"
EndProject
Project("{FAE04EC0-301F-11D3-BF4B-00C04F79EFBC}") = "Unity.AI.Navigation.Tests", "Unity.AI.Navigation.Tests.csproj", "{ce83f083-1d7e-6300-7f99-7f174f99ec2b}"
EndProject
Project("{FAE04EC0-301F-11D3-BF4B-00C04F79EFBC}") = "DocCodeExamples", "DocCodeExamples.csproj", "{96ec1fd2-e060-97b8-a17d-81a285692ff9}"
EndProject
Project("{FAE04EC0-301F-11D3-BF4B-00C04F79EFBC}") = "Unity.Collections.Tests", "Unity.Collections.Tests.csproj", "{ba99efc4-15de-875d-fd37-86713ffda4a9}"
EndProject
Project("{FAE04EC0-301F-11D3-BF4B-00C04F79EFBC}") = "Unity.AI.Navigation.LegacyOffMeshLink.Tests", "Unity.AI.Navigation.LegacyOffMeshLink.Tests.csproj", "{22748078-34fd-7f30-665b-61ddd73dc34b}"
EndProject
Project("{FAE04EC0-301F-11D3-BF4B-00C04F79EFBC}") = "Unity.AI.Navigation.Editor.Tests", "Unity.AI.Navigation.Editor.Tests.csproj", "{fe4766c1-164a-726c-152a-cbb1340ac213}"
EndProject
Project("{FAE04EC0-301F-11D3-BF4B-00C04F79EFBC}") = "Unity.Collections.Tests.Playmode", "Unity.Collections.Tests.Playmode.csproj", "{f5ea20a1-c94a-adbb-86c6-6fa55254992e}"
EndProject
Project("{FAE04EC0-301F-11D3-BF4B-00C04F79EFBC}") = "Unity.Nuget.Mono-Cecil", "Unity.Nuget.Mono-Cecil.csproj", "{1c3b44b2-86ae-1beb-d2b2-dafa73772443}"
EndProject
Project("{FAE04EC0-301F-11D3-BF4B-00C04F79EFBC}") = "SeparateAssembly", "SeparateAssembly.csproj", "{1cedb847-6d4f-c7e0-a7d4-b28ada774fba}"
EndProject
Project("{FAE04EC0-301F-11D3-BF4B-00C04F79EFBC}") = "OverloadedFunctionPointers", "OverloadedFunctionPointers.csproj", "{e7482ebc-dd77-aec9-6fc5-628784d8825f}"
EndProject
Global
	GlobalSection(SolutionConfigurationPlatforms) = preSolution
		Debug|Any CPU = Debug|Any CPU
	EndGlobalSection
	GlobalSection(ProjectConfigurationPlatforms) = postSolution
		{9d72fdce-f2c9-e7d6-61c7-e54c2adfbdf2}.Debug|Any CPU.ActiveCfg = Debug|Any CPU
		{9d72fdce-f2c9-e7d6-61c7-e54c2adfbdf2}.Debug|Any CPU.Build.0 = Debug|Any CPU
		{afd86471-ffe1-6159-c943-5047903341c9}.Debug|Any CPU.ActiveCfg = Debug|Any CPU
		{afd86471-ffe1-6159-c943-5047903341c9}.Debug|Any CPU.Build.0 = Debug|Any CPU
		{263010cc-ac49-f748-9187-d1ddd1e4a2f6}.Debug|Any CPU.ActiveCfg = Debug|Any CPU
		{263010cc-ac49-f748-9187-d1ddd1e4a2f6}.Debug|Any CPU.Build.0 = Debug|Any CPU
		{d72d9e11-edb5-9307-f5c7-c30cd916996d}.Debug|Any CPU.ActiveCfg = Debug|Any CPU
		{d72d9e11-edb5-9307-f5c7-c30cd916996d}.Debug|Any CPU.Build.0 = Debug|Any CPU
		{d341ec14-245f-db87-8b6c-207194ce8ac4}.Debug|Any CPU.ActiveCfg = Debug|Any CPU
		{d341ec14-245f-db87-8b6c-207194ce8ac4}.Debug|Any CPU.Build.0 = Debug|Any CPU
		{05df161f-a27c-7cdb-1aba-16d83a562072}.Debug|Any CPU.ActiveCfg = Debug|Any CPU
		{05df161f-a27c-7cdb-1aba-16d83a562072}.Debug|Any CPU.Build.0 = Debug|Any CPU
		{445296b3-185f-1123-21ab-955916c8cc93}.Debug|Any CPU.ActiveCfg = Debug|Any CPU
		{445296b3-185f-1123-21ab-955916c8cc93}.Debug|Any CPU.Build.0 = Debug|Any CPU
		{922e14bc-4c92-9eda-a105-a08cb9154535}.Debug|Any CPU.ActiveCfg = Debug|Any CPU
		{922e14bc-4c92-9eda-a105-a08cb9154535}.Debug|Any CPU.Build.0 = Debug|Any CPU
		{30979730-8820-d2a5-3b64-f5d4d67eb3f3}.Debug|Any CPU.ActiveCfg = Debug|Any CPU
		{30979730-8820-d2a5-3b64-f5d4d67eb3f3}.Debug|Any CPU.Build.0 = Debug|Any CPU
		{ac2ed59d-d846-30a1-7208-8a93432a2fff}.Debug|Any CPU.ActiveCfg = Debug|Any CPU
		{ac2ed59d-d846-30a1-7208-8a93432a2fff}.Debug|Any CPU.Build.0 = Debug|Any CPU
		{aac1f121-508b-135e-3f2d-ff591a68460c}.Debug|Any CPU.ActiveCfg = Debug|Any CPU
		{aac1f121-508b-135e-3f2d-ff591a68460c}.Debug|Any CPU.Build.0 = Debug|Any CPU
		{5a2e5e78-4034-01e6-c10b-2ac2bca22dec}.Debug|Any CPU.ActiveCfg = Debug|Any CPU
		{5a2e5e78-4034-01e6-c10b-2ac2bca22dec}.Debug|Any CPU.Build.0 = Debug|Any CPU
		{6ec733cf-a6a9-89e8-a5c0-fb89c81a4524}.Debug|Any CPU.ActiveCfg = Debug|Any CPU
		{6ec733cf-a6a9-89e8-a5c0-fb89c81a4524}.Debug|Any CPU.Build.0 = Debug|Any CPU
		{661b1dac-bd86-a460-1083-8e83884d434a}.Debug|Any CPU.ActiveCfg = Debug|Any CPU
		{661b1dac-bd86-a460-1083-8e83884d434a}.Debug|Any CPU.Build.0 = Debug|Any CPU
		{1b195ef6-3863-659a-5500-f13f4fc3414e}.Debug|Any CPU.ActiveCfg = Debug|Any CPU
		{1b195ef6-3863-659a-5500-f13f4fc3414e}.Debug|Any CPU.Build.0 = Debug|Any CPU
		{7899ee16-6601-ae78-8cd4-2ab831557267}.Debug|Any CPU.ActiveCfg = Debug|Any CPU
		{7899ee16-6601-ae78-8cd4-2ab831557267}.Debug|Any CPU.Build.0 = Debug|Any CPU
		{eeaf180c-b6d5-8f08-47bf-d0bebcffd59b}.Debug|Any CPU.ActiveCfg = Debug|Any CPU
		{eeaf180c-b6d5-8f08-47bf-d0bebcffd59b}.Debug|Any CPU.Build.0 = Debug|Any CPU
		{c19bab4d-4955-e0ca-24a0-794a2c38c712}.Debug|Any CPU.ActiveCfg = Debug|Any CPU
		{c19bab4d-4955-e0ca-24a0-794a2c38c712}.Debug|Any CPU.Build.0 = Debug|Any CPU
		{1de3d38c-8856-9220-9ed3-27604f8fc659}.Debug|Any CPU.ActiveCfg = Debug|Any CPU
		{1de3d38c-8856-9220-9ed3-27604f8fc659}.Debug|Any CPU.Build.0 = Debug|Any CPU
		{a4fa055a-ee34-65cb-1b1d-88ef5d47fdd5}.Debug|Any CPU.ActiveCfg = Debug|Any CPU
		{a4fa055a-ee34-65cb-1b1d-88ef5d47fdd5}.Debug|Any CPU.Build.0 = Debug|Any CPU
		{a2f3bfdf-005c-ba0c-926a-18eaeb246db9}.Debug|Any CPU.ActiveCfg = Debug|Any CPU
		{a2f3bfdf-005c-ba0c-926a-18eaeb246db9}.Debug|Any CPU.Build.0 = Debug|Any CPU
		{222965d3-7498-51c0-3c26-c9fb1230ca64}.Debug|Any CPU.ActiveCfg = Debug|Any CPU
		{222965d3-7498-51c0-3c26-c9fb1230ca64}.Debug|Any CPU.Build.0 = Debug|Any CPU
		{d70db077-7966-8842-cb8b-8ef07f15eb9f}.Debug|Any CPU.ActiveCfg = Debug|Any CPU
		{d70db077-7966-8842-cb8b-8ef07f15eb9f}.Debug|Any CPU.Build.0 = Debug|Any CPU
		{dff0ab1b-75d9-31b3-1e9e-358830b1ca11}.Debug|Any CPU.ActiveCfg = Debug|Any CPU
		{dff0ab1b-75d9-31b3-1e9e-358830b1ca11}.Debug|Any CPU.Build.0 = Debug|Any CPU
		{1afeb5bd-e572-c8f9-dc7c-bd7d2ddd2875}.Debug|Any CPU.ActiveCfg = Debug|Any CPU
		{1afeb5bd-e572-c8f9-dc7c-bd7d2ddd2875}.Debug|Any CPU.Build.0 = Debug|Any CPU
		{017506f9-88e5-b9ec-7512-b292f9da70e4}.Debug|Any CPU.ActiveCfg = Debug|Any CPU
		{017506f9-88e5-b9ec-7512-b292f9da70e4}.Debug|Any CPU.Build.0 = Debug|Any CPU
		{1c4a74e4-1535-9db1-cfd0-9b0d7eaf5dd8}.Debug|Any CPU.ActiveCfg = Debug|Any CPU
		{1c4a74e4-1535-9db1-cfd0-9b0d7eaf5dd8}.Debug|Any CPU.Build.0 = Debug|Any CPU
		{9891a0db-f683-9b81-8ef7-45c036259b7f}.Debug|Any CPU.ActiveCfg = Debug|Any CPU
		{9891a0db-f683-9b81-8ef7-45c036259b7f}.Debug|Any CPU.Build.0 = Debug|Any CPU
		{e3df20e4-bbbb-2ac7-4ce2-a66f2bc1365d}.Debug|Any CPU.ActiveCfg = Debug|Any CPU
		{e3df20e4-bbbb-2ac7-4ce2-a66f2bc1365d}.Debug|Any CPU.Build.0 = Debug|Any CPU
		{b5a558ad-b4f8-bb95-8242-20fb5ee8de32}.Debug|Any CPU.ActiveCfg = Debug|Any CPU
		{b5a558ad-b4f8-bb95-8242-20fb5ee8de32}.Debug|Any CPU.Build.0 = Debug|Any CPU
		{90713e30-b09a-b4e5-ff13-9194c98cbeaa}.Debug|Any CPU.ActiveCfg = Debug|Any CPU
		{90713e30-b09a-b4e5-ff13-9194c98cbeaa}.Debug|Any CPU.Build.0 = Debug|Any CPU
		{b0c89577-6774-52d3-d438-287673310aa8}.Debug|Any CPU.ActiveCfg = Debug|Any CPU
		{b0c89577-6774-52d3-d438-287673310aa8}.Debug|Any CPU.Build.0 = Debug|Any CPU
		{25cca260-2d8a-75ab-78a9-b2124ceeb161}.Debug|Any CPU.ActiveCfg = Debug|Any CPU
		{25cca260-2d8a-75ab-78a9-b2124ceeb161}.Debug|Any CPU.Build.0 = Debug|Any CPU
		{0f4a19fc-5330-498b-8166-5f6a7c45b01c}.Debug|Any CPU.ActiveCfg = Debug|Any CPU
		{0f4a19fc-5330-498b-8166-5f6a7c45b01c}.Debug|Any CPU.Build.0 = Debug|Any CPU
		{a15a6576-90b1-5aa7-a531-fbc987f45673}.Debug|Any CPU.ActiveCfg = Debug|Any CPU
		{a15a6576-90b1-5aa7-a531-fbc987f45673}.Debug|Any CPU.Build.0 = Debug|Any CPU
		{888e3651-ba1e-e081-07b5-abca6c6f61f5}.Debug|Any CPU.ActiveCfg = Debug|Any CPU
		{888e3651-ba1e-e081-07b5-abca6c6f61f5}.Debug|Any CPU.Build.0 = Debug|Any CPU
		{5c6435ee-48d3-794c-1fd4-81f2814d4e66}.Debug|Any CPU.ActiveCfg = Debug|Any CPU
		{5c6435ee-48d3-794c-1fd4-81f2814d4e66}.Debug|Any CPU.Build.0 = Debug|Any CPU
		{ce83f083-1d7e-6300-7f99-7f174f99ec2b}.Debug|Any CPU.ActiveCfg = Debug|Any CPU
		{ce83f083-1d7e-6300-7f99-7f174f99ec2b}.Debug|Any CPU.Build.0 = Debug|Any CPU
		{96ec1fd2-e060-97b8-a17d-81a285692ff9}.Debug|Any CPU.ActiveCfg = Debug|Any CPU
		{96ec1fd2-e060-97b8-a17d-81a285692ff9}.Debug|Any CPU.Build.0 = Debug|Any CPU
		{ba99efc4-15de-875d-fd37-86713ffda4a9}.Debug|Any CPU.ActiveCfg = Debug|Any CPU
		{ba99efc4-15de-875d-fd37-86713ffda4a9}.Debug|Any CPU.Build.0 = Debug|Any CPU
		{22748078-34fd-7f30-665b-61ddd73dc34b}.Debug|Any CPU.ActiveCfg = Debug|Any CPU
		{22748078-34fd-7f30-665b-61ddd73dc34b}.Debug|Any CPU.Build.0 = Debug|Any CPU
		{fe4766c1-164a-726c-152a-cbb1340ac213}.Debug|Any CPU.ActiveCfg = Debug|Any CPU
		{fe4766c1-164a-726c-152a-cbb1340ac213}.Debug|Any CPU.Build.0 = Debug|Any CPU
		{f5ea20a1-c94a-adbb-86c6-6fa55254992e}.Debug|Any CPU.ActiveCfg = Debug|Any CPU
		{f5ea20a1-c94a-adbb-86c6-6fa55254992e}.Debug|Any CPU.Build.0 = Debug|Any CPU
		{1c3b44b2-86ae-1beb-d2b2-dafa73772443}.Debug|Any CPU.ActiveCfg = Debug|Any CPU
		{1c3b44b2-86ae-1beb-d2b2-dafa73772443}.Debug|Any CPU.Build.0 = Debug|Any CPU
		{1cedb847-6d4f-c7e0-a7d4-b28ada774fba}.Debug|Any CPU.ActiveCfg = Debug|Any CPU
		{1cedb847-6d4f-c7e0-a7d4-b28ada774fba}.Debug|Any CPU.Build.0 = Debug|Any CPU
		{e7482ebc-dd77-aec9-6fc5-628784d8825f}.Debug|Any CPU.ActiveCfg = Debug|Any CPU
		{e7482ebc-dd77-aec9-6fc5-628784d8825f}.Debug|Any CPU.Build.0 = Debug|Any CPU
	EndGlobalSection
	GlobalSection(SolutionProperties) = preSolution
		HideSolutionNode = FALSE
	EndGlobalSection
EndGlobal
